
Microsoft Visual Studio Solution File, Format Version 12.00
# Visual Studio Version 16
VisualStudioVersion = 16.0.30011.22
MinimumVisualStudioVersion = 10.0.40219.1
Project("{FAE04EC0-301F-11D3-BF4B-00C04F79EFBC}") = "HomeAutomation.Android", "HomeAutomation.Android\HomeAutomation.Android.csproj", "{5133D625-FE8A-4FD9-B4C3-68C80D614ACA}"
EndProject
Project("{FAE04EC0-301F-11D3-BF4B-00C04F79EFBC}") = "HomeAutomation.iOS", "HomeAutomation.iOS\HomeAutomation.iOS.csproj", "{DED69B32-608F-4E57-826E-7BE2D1FEA7E7}"
EndProject
Project("{FAE04EC0-301F-11D3-BF4B-00C04F79EFBC}") = "HomeAutomation", "HomeAutomation\HomeAutomation.csproj", "{24BCA6AB-B0A4-44C1-9BCF-D49B747A47FB}"
EndProject
Global
	GlobalSection(SolutionConfigurationPlatforms) = preSolution
		Debug|Any CPU = Debug|Any CPU
		Debug|iPhone = Debug|iPhone
		Debug|iPhoneSimulator = Debug|iPhoneSimulator
		Release|Any CPU = Release|Any CPU
		Release|iPhone = Release|iPhone
		Release|iPhoneSimulator = Release|iPhoneSimulator
	EndGlobalSection
	GlobalSection(ProjectConfigurationPlatforms) = postSolution
		{5133D625-FE8A-4FD9-B4C3-68C80D614ACA}.Debug|Any CPU.ActiveCfg = Debug|Any CPU
		{5133D625-FE8A-4FD9-B4C3-68C80D614ACA}.Debug|Any CPU.Build.0 = Debug|Any CPU
		{5133D625-FE8A-4FD9-B4C3-68C80D614ACA}.Debug|Any CPU.Deploy.0 = Debug|Any CPU
		{5133D625-FE8A-4FD9-B4C3-68C80D614ACA}.Debug|iPhone.ActiveCfg = Debug|Any CPU
		{5133D625-FE8A-4FD9-B4C3-68C80D614ACA}.Debug|iPhone.Build.0 = Debug|Any CPU
		{5133D625-FE8A-4FD9-B4C3-68C80D614ACA}.Debug|iPhone.Deploy.0 = Debug|Any CPU
		{5133D625-FE8A-4FD9-B4C3-68C80D614ACA}.Debug|iPhoneSimulator.ActiveCfg = Debug|Any CPU
		{5133D625-FE8A-4FD9-B4C3-68C80D614ACA}.Debug|iPhoneSimulator.Build.0 = Debug|Any CPU
		{5133D625-FE8A-4FD9-B4C3-68C80D614ACA}.Debug|iPhoneSimulator.Deploy.0 = Debug|Any CPU
		{5133D625-FE8A-4FD9-B4C3-68C80D614ACA}.Release|Any CPU.ActiveCfg = Release|Any CPU
		{5133D625-FE8A-4FD9-B4C3-68C80D614ACA}.Release|Any CPU.Build.0 = Release|Any CPU
		{5133D625-FE8A-4FD9-B4C3-68C80D614ACA}.Release|Any CPU.Deploy.0 = Release|Any CPU
		{5133D625-FE8A-4FD9-B4C3-68C80D614ACA}.Release|iPhone.ActiveCfg = Release|Any CPU
		{5133D625-FE8A-4FD9-B4C3-68C80D614ACA}.Release|iPhone.Build.0 = Release|Any CPU
		{5133D625-FE8A-4FD9-B4C3-68C80D614ACA}.Release|iPhone.Deploy.0 = Release|Any CPU
		{5133D625-FE8A-4FD9-B4C3-68C80D614ACA}.Release|iPhoneSimulator.ActiveCfg = Release|Any CPU
		{5133D625-FE8A-4FD9-B4C3-68C80D614ACA}.Release|iPhoneSimulator.Build.0 = Release|Any CPU
		{5133D625-FE8A-4FD9-B4C3-68C80D614ACA}.Release|iPhoneSimulator.Deploy.0 = Release|Any CPU
		{DED69B32-608F-4E57-826E-7BE2D1FEA7E7}.Debug|Any CPU.ActiveCfg = Debug|iPhone
		{DED69B32-608F-4E57-826E-7BE2D1FEA7E7}.Debug|Any CPU.Build.0 = Debug|iPhone
		{DED69B32-608F-4E57-826E-7BE2D1FEA7E7}.Debug|Any CPU.Deploy.0 = Debug|iPhone
		{DED69B32-608F-4E57-826E-7BE2D1FEA7E7}.Debug|iPhone.ActiveCfg = Debug|iPhone
		{DED69B32-608F-4E57-826E-7BE2D1FEA7E7}.Debug|iPhone.Build.0 = Debug|iPhone
		{DED69B32-608F-4E57-826E-7BE2D1FEA7E7}.Debug|iPhone.Deploy.0 = Debug|iPhone
		{DED69B32-608F-4E57-826E-7BE2D1FEA7E7}.Debug|iPhoneSimulator.ActiveCfg = Debug|iPhoneSimulator
		{DED69B32-608F-4E57-826E-7BE2D1FEA7E7}.Debug|iPhoneSimulator.Build.0 = Debug|iPhoneSimulator
		{DED69B32-608F-4E57-826E-7BE2D1FEA7E7}.Debug|iPhoneSimulator.Deploy.0 = Debug|iPhoneSimulator
		{DED69B32-608F-4E57-826E-7BE2D1FEA7E7}.Release|Any CPU.ActiveCfg = Release|iPhone
		{DED69B32-608F-4E57-826E-7BE2D1FEA7E7}.Release|Any CPU.Build.0 = Release|iPhone
		{DED69B32-608F-4E57-826E-7BE2D1FEA7E7}.Release|Any CPU.Deploy.0 = Release|iPhone
		{DED69B32-608F-4E57-826E-7BE2D1FEA7E7}.Release|iPhone.ActiveCfg = Release|iPhone
		{DED69B32-608F-4E57-826E-7BE2D1FEA7E7}.Release|iPhone.Build.0 = Release|iPhone
		{DED69B32-608F-4E57-826E-7BE2D1FEA7E7}.Release|iPhone.Deploy.0 = Release|iPhone
		{DED69B32-608F-4E57-826E-7BE2D1FEA7E7}.Release|iPhoneSimulator.ActiveCfg = Release|iPhoneSimulator
		{DED69B32-608F-4E57-826E-7BE2D1FEA7E7}.Release|iPhoneSimulator.Build.0 = Release|iPhoneSimulator
		{DED69B32-608F-4E57-826E-7BE2D1FEA7E7}.Release|iPhoneSimulator.Deploy.0 = Release|iPhoneSimulator
		{24BCA6AB-B0A4-44C1-9BCF-D49B747A47FB}.Debug|Any CPU.ActiveCfg = Debug|Any CPU
		{24BCA6AB-B0A4-44C1-9BCF-D49B747A47FB}.Debug|Any CPU.Build.0 = Debug|Any CPU
		{24BCA6AB-B0A4-44C1-9BCF-D49B747A47FB}.Debug|Any CPU.Deploy.0 = Debug|Any CPU
		{24BCA6AB-B0A4-44C1-9BCF-D49B747A47FB}.Debug|iPhone.ActiveCfg = Debug|Any CPU
		{24BCA6AB-B0A4-44C1-9BCF-D49B747A47FB}.Debug|iPhone.Build.0 = Debug|Any CPU
		{24BCA6AB-B0A4-44C1-9BCF-D49B747A47FB}.Debug|iPhone.Deploy.0 = Debug|Any CPU
		{24BCA6AB-B0A4-44C1-9BCF-D49B747A47FB}.Debug|iPhoneSimulator.ActiveCfg = Debug|Any CPU
		{24BCA6AB-B0A4-44C1-9BCF-D49B747A47FB}.Debug|iPhoneSimulator.Build.0 = Debug|Any CPU
		{24BCA6AB-B0A4-44C1-9BCF-D49B747A47FB}.Debug|iPhoneSimulator.Deploy.0 = Debug|Any CPU
		{24BCA6AB-B0A4-44C1-9BCF-D49B747A47FB}.Release|Any CPU.ActiveCfg = Release|Any CPU
		{24BCA6AB-B0A4-44C1-9BCF-D49B747A47FB}.Release|Any CPU.Build.0 = Release|Any CPU
		{24BCA6AB-B0A4-44C1-9BCF-D49B747A47FB}.Release|Any CPU.Deploy.0 = Release|Any CPU
		{24BCA6AB-B0A4-44C1-9BCF-D49B747A47FB}.Release|iPhone.ActiveCfg = Release|Any CPU
		{24BCA6AB-B0A4-44C1-9BCF-D49B747A47FB}.Release|iPhone.Build.0 = Release|Any CPU
		{24BCA6AB-B0A4-44C1-9BCF-D49B747A47FB}.Release|iPhone.Deploy.0 = Release|Any CPU
		{24BCA6AB-B0A4-44C1-9BCF-D49B747A47FB}.Release|iPhoneSimulator.ActiveCfg = Release|Any CPU
		{24BCA6AB-B0A4-44C1-9BCF-D49B747A47FB}.Release|iPhoneSimulator.Build.0 = Release|Any CPU
		{24BCA6AB-B0A4-44C1-9BCF-D49B747A47FB}.Release|iPhoneSimulator.Deploy.0 = Release|Any CPU
	EndGlobalSection
	GlobalSection(SolutionProperties) = preSolution
		HideSolutionNode = FALSE
	EndGlobalSection
	GlobalSection(ExtensibilityGlobals) = postSolution
		SolutionGuid = {C32C152D-3D05-47C6-8F91-BED772505C96}
	EndGlobalSection
EndGlobal
